
Microsoft Visual Studio Solution File, Format Version 12.00
# Visual Studio Version 17
VisualStudioVersion = 17.3.32901.215
MinimumVisualStudioVersion = 10.0.40219.1
Project("{FAE04EC0-301F-11D3-BF4B-00C04F79EFBC}") = "SlowDown", "SlowDown.csproj", "{AD00D0FB-9166-44FA-884F-58396061C6F6}"
EndProject
Global
	GlobalSection(SolutionConfigurationPlatforms) = preSolution
		1.0|Any CPU = 1.0|Any CPU
		1.1|Any CPU = 1.1|Any CPU
		1.2|Any CPU = 1.2|Any CPU
		1.3|Any CPU = 1.3|Any CPU
		1.4|Any CPU = 1.4|Any CPU
		1.5|Any CPU = 1.5|Any CPU
		Debug|Any CPU = Debug|Any CPU
		Release|Any CPU = Release|Any CPU
	EndGlobalSection
	GlobalSection(ProjectConfigurationPlatforms) = postSolution
		{AD00D0FB-9166-44FA-884F-58396061C6F6}.1.0|Any CPU.ActiveCfg = 1.0|Any CPU
		{AD00D0FB-9166-44FA-884F-58396061C6F6}.1.0|Any CPU.Build.0 = 1.0|Any CPU
		{AD00D0FB-9166-44FA-884F-58396061C6F6}.1.1|Any CPU.ActiveCfg = 1.1|Any CPU
		{AD00D0FB-9166-44FA-884F-58396061C6F6}.1.1|Any CPU.Build.0 = 1.1|Any CPU
		{AD00D0FB-9166-44FA-884F-58396061C6F6}.1.2|Any CPU.ActiveCfg = 1.2|Any CPU
		{AD00D0FB-9166-44FA-884F-58396061C6F6}.1.2|Any CPU.Build.0 = 1.2|Any CPU
		{AD00D0FB-9166-44FA-884F-58396061C6F6}.1.3|Any CPU.ActiveCfg = 1.3|Any CPU
		{AD00D0FB-9166-44FA-884F-58396061C6F6}.1.3|Any CPU.Build.0 = 1.3|Any CPU
		{AD00D0FB-9166-44FA-884F-58396061C6F6}.1.4|Any CPU.ActiveCfg = 1.4|Any CPU
		{AD00D0FB-9166-44FA-884F-58396061C6F6}.1.4|Any CPU.Build.0 = 1.4|Any CPU
		{AD00D0FB-9166-44FA-884F-58396061C6F6}.1.5|Any CPU.ActiveCfg = 1.5|Any CPU
		{AD00D0FB-9166-44FA-884F-58396061C6F6}.1.5|Any CPU.Build.0 = 1.5|Any CPU
		{AD00D0FB-9166-44FA-884F-58396061C6F6}.Debug|Any CPU.ActiveCfg = Debug|Any CPU
		{AD00D0FB-9166-44FA-884F-58396061C6F6}.Debug|Any CPU.Build.0 = Debug|Any CPU
		{AD00D0FB-9166-44FA-884F-58396061C6F6}.Release|Any CPU.ActiveCfg = Release|Any CPU
		{AD00D0FB-9166-44FA-884F-58396061C6F6}.Release|Any CPU.Build.0 = Release|Any CPU
	EndGlobalSection
	GlobalSection(SolutionProperties) = preSolution
		HideSolutionNode = FALSE
	EndGlobalSection
	GlobalSection(ExtensibilityGlobals) = postSolution
		SolutionGuid = {F42AF14C-7275-4035-998F-A76EF2D60023}
	EndGlobalSection
EndGlobal
